// !$*UTF8*$!
{
	archiveVersion = 1;
	classes = {
	};
	objectVersion = 56;
	objects = {

/* Begin PBXBuildFile section */
		5522D7FF2C5432CA0070D174 /* WeatherManager.swift in Sources */ = {isa = PBXBuildFile; fileRef = 5522D7FE2C5432CA0070D174 /* WeatherManager.swift */; };
		5522D8012C5433740070D174 /* ForecastView.swift in Sources */ = {isa = PBXBuildFile; fileRef = 5522D8002C5433740070D174 /* ForecastView.swift */; };
		5522D8032C5433800070D174 /* AttributionView.swift in Sources */ = {isa = PBXBuildFile; fileRef = 5522D8022C5433800070D174 /* AttributionView.swift */; };
		5522D8072C5454720070D174 /* City.swift in Sources */ = {isa = PBXBuildFile; fileRef = 5522D8062C5454720070D174 /* City.swift */; };
		5522D8092C54549C0070D174 /* LocationManager.swift in Sources */ = {isa = PBXBuildFile; fileRef = 5522D8082C54549B0070D174 /* LocationManager.swift */; };
		5522D80C2C54580D0070D174 /* LocationDeniedView.swift in Sources */ = {isa = PBXBuildFile; fileRef = 5522D80B2C54580D0070D174 /* LocationDeniedView.swift */; };
		5522D8102C5515FA0070D174 /* HourlyForecastView.swift in Sources */ = {isa = PBXBuildFile; fileRef = 5522D80F2C5515FA0070D174 /* HourlyForecastView.swift */; };
		5522D8122C55160D0070D174 /* CurrentWeatherView.swift in Sources */ = {isa = PBXBuildFile; fileRef = 5522D8112C55160D0070D174 /* CurrentWeatherView.swift */; };
		5522D8142C5516240070D174 /* DailyForecastView.swift in Sources */ = {isa = PBXBuildFile; fileRef = 5522D8132C5516240070D174 /* DailyForecastView.swift */; };
		5522D8162C55163C0070D174 /* CitiesListView.swift in Sources */ = {isa = PBXBuildFile; fileRef = 5522D8152C55163C0070D174 /* CitiesListView.swift */; };
		5522D8182C5516490070D174 /* CityRowView.swift in Sources */ = {isa = PBXBuildFile; fileRef = 5522D8172C5516490070D174 /* CityRowView.swift */; };
		5522D81A2C5516790070D174 /* BackgroundView.swift in Sources */ = {isa = PBXBuildFile; fileRef = 5522D8192C5516790070D174 /* BackgroundView.swift */; };
		5522D81C2C5516850070D174 /* SearchOverlay.swift in Sources */ = {isa = PBXBuildFile; fileRef = 5522D81B2C5516850070D174 /* SearchOverlay.swift */; };
		5522D81E2C5516CD0070D174 /* DataStore.swift in Sources */ = {isa = PBXBuildFile; fileRef = 5522D81D2C5516CD0070D174 /* DataStore.swift */; };
		5522D8202C5516D90070D174 /* SearchService.swift in Sources */ = {isa = PBXBuildFile; fileRef = 5522D81F2C5516D90070D174 /* SearchService.swift */; };
		5522D8222C5516EC0070D174 /* Date+Extension.swift in Sources */ = {isa = PBXBuildFile; fileRef = 5522D8212C5516EC0070D174 /* Date+Extension.swift */; };
		5522D8242C5516F80070D174 /* ReadSizeViewExtension.swift in Sources */ = {isa = PBXBuildFile; fileRef = 5522D8232C5516F70070D174 /* ReadSizeViewExtension.swift */; };
		55AFEC1E2C595E3000B135CE /* Filemanager+Extension.swift in Sources */ = {isa = PBXBuildFile; fileRef = 55AFEC1D2C595E3000B135CE /* Filemanager+Extension.swift */; };
		55B4B9102C542A1B001FE9CE /* WeatherWApp.swift in Sources */ = {isa = PBXBuildFile; fileRef = 55B4B90F2C542A1B001FE9CE /* WeatherWApp.swift */; };
		55B4B9142C542A1D001FE9CE /* Assets.xcassets in Resources */ = {isa = PBXBuildFile; fileRef = 55B4B9132C542A1D001FE9CE /* Assets.xcassets */; };
		55B4B9172C542A1D001FE9CE /* Preview Assets.xcassets in Resources */ = {isa = PBXBuildFile; fileRef = 55B4B9162C542A1D001FE9CE /* Preview Assets.xcassets */; };
/* End PBXBuildFile section */

/* Begin PBXFileReference section */
		5522D7FC2C542E8A0070D174 /* WeatherW.entitlements */ = {isa = PBXFileReference; lastKnownFileType = text.plist.entitlements; path = WeatherW.entitlements; sourceTree = "<group>"; };
		5522D7FE2C5432CA0070D174 /* WeatherManager.swift */ = {isa = PBXFileReference; lastKnownFileType = sourcecode.swift; path = WeatherManager.swift; sourceTree = "<group>"; };
		5522D8002C5433740070D174 /* ForecastView.swift */ = {isa = PBXFileReference; lastKnownFileType = sourcecode.swift; path = ForecastView.swift; sourceTree = "<group>"; };
		5522D8022C5433800070D174 /* AttributionView.swift */ = {isa = PBXFileReference; lastKnownFileType = sourcecode.swift; path = AttributionView.swift; sourceTree = "<group>"; };
		5522D8062C5454720070D174 /* City.swift */ = {isa = PBXFileReference; lastKnownFileType = sourcecode.swift; path = City.swift; sourceTree = "<group>"; };
		5522D8082C54549B0070D174 /* LocationManager.swift */ = {isa = PBXFileReference; lastKnownFileType = sourcecode.swift; path = LocationManager.swift; sourceTree = "<group>"; };
		5522D80B2C54580D0070D174 /* LocationDeniedView.swift */ = {isa = PBXFileReference; lastKnownFileType = sourcecode.swift; path = LocationDeniedView.swift; sourceTree = "<group>"; };
		5522D80F2C5515FA0070D174 /* HourlyForecastView.swift */ = {isa = PBXFileReference; lastKnownFileType = sourcecode.swift; path = HourlyForecastView.swift; sourceTree = "<group>"; };
		5522D8112C55160D0070D174 /* CurrentWeatherView.swift */ = {isa = PBXFileReference; lastKnownFileType = sourcecode.swift; path = CurrentWeatherView.swift; sourceTree = "<group>"; };
		5522D8132C5516240070D174 /* DailyForecastView.swift */ = {isa = PBXFileReference; lastKnownFileType = sourcecode.swift; path = DailyForecastView.swift; sourceTree = "<group>"; };
		5522D8152C55163C0070D174 /* CitiesListView.swift */ = {isa = PBXFileReference; lastKnownFileType = sourcecode.swift; path = CitiesListView.swift; sourceTree = "<group>"; };
		5522D8172C5516490070D174 /* CityRowView.swift */ = {isa = PBXFileReference; lastKnownFileType = sourcecode.swift; path = CityRowView.swift; sourceTree = "<group>"; };
		5522D8192C5516790070D174 /* BackgroundView.swift */ = {isa = PBXFileReference; lastKnownFileType = sourcecode.swift; path = BackgroundView.swift; sourceTree = "<group>"; };
		5522D81B2C5516850070D174 /* SearchOverlay.swift */ = {isa = PBXFileReference; lastKnownFileType = sourcecode.swift; path = SearchOverlay.swift; sourceTree = "<group>"; };
		5522D81D2C5516CD0070D174 /* DataStore.swift */ = {isa = PBXFileReference; lastKnownFileType = sourcecode.swift; path = DataStore.swift; sourceTree = "<group>"; };
		5522D81F2C5516D90070D174 /* SearchService.swift */ = {isa = PBXFileReference; lastKnownFileType = sourcecode.swift; path = SearchService.swift; sourceTree = "<group>"; };
		5522D8212C5516EC0070D174 /* Date+Extension.swift */ = {isa = PBXFileReference; lastKnownFileType = sourcecode.swift; path = "Date+Extension.swift"; sourceTree = "<group>"; };
		5522D8232C5516F70070D174 /* ReadSizeViewExtension.swift */ = {isa = PBXFileReference; lastKnownFileType = sourcecode.swift; path = ReadSizeViewExtension.swift; sourceTree = "<group>"; };
		55AFEC1D2C595E3000B135CE /* Filemanager+Extension.swift */ = {isa = PBXFileReference; lastKnownFileType = sourcecode.swift; path = "Filemanager+Extension.swift"; sourceTree = "<group>"; };
		55B4B90C2C542A1B001FE9CE /* WeatherW.app */ = {isa = PBXFileReference; explicitFileType = wrapper.application; includeInIndex = 0; path = WeatherW.app; sourceTree = BUILT_PRODUCTS_DIR; };
		55B4B90F2C542A1B001FE9CE /* WeatherWApp.swift */ = {isa = PBXFileReference; lastKnownFileType = sourcecode.swift; path = WeatherWApp.swift; sourceTree = "<group>"; };
		55B4B9132C542A1D001FE9CE /* Assets.xcassets */ = {isa = PBXFileReference; lastKnownFileType = folder.assetcatalog; path = Assets.xcassets; sourceTree = "<group>"; };
		55B4B9162C542A1D001FE9CE /* Preview Assets.xcassets */ = {isa = PBXFileReference; lastKnownFileType = folder.assetcatalog; path = "Preview Assets.xcassets"; sourceTree = "<group>"; };
/* End PBXFileReference section */

/* Begin PBXFrameworksBuildPhase section */
		55B4B9092C542A1B001FE9CE /* Frameworks */ = {
			isa = PBXFrameworksBuildPhase;
			buildActionMask = 2147483647;
			files = (
			);
			runOnlyForDeploymentPostprocessing = 0;
		};
/* End PBXFrameworksBuildPhase section */

/* Begin PBXGroup section */
		5522D7FD2C5432B60070D174 /* Services */ = {
			isa = PBXGroup;
			children = (
				5522D7FE2C5432CA0070D174 /* WeatherManager.swift */,
				5522D8082C54549B0070D174 /* LocationManager.swift */,
				5522D81D2C5516CD0070D174 /* DataStore.swift */,
				5522D81F2C5516D90070D174 /* SearchService.swift */,
			);
			path = Services;
			sourceTree = "<group>";
		};
		5522D8042C5454410070D174 /* Forecast Views */ = {
			isa = PBXGroup;
			children = (
				5522D8002C5433740070D174 /* ForecastView.swift */,
				5522D80F2C5515FA0070D174 /* HourlyForecastView.swift */,
				5522D8112C55160D0070D174 /* CurrentWeatherView.swift */,
				5522D8132C5516240070D174 /* DailyForecastView.swift */,
				5522D8022C5433800070D174 /* AttributionView.swift */,
			);
			path = "Forecast Views";
			sourceTree = "<group>";
		};
		5522D8052C54545B0070D174 /* Models */ = {
			isa = PBXGroup;
			children = (
				5522D8062C5454720070D174 /* City.swift */,
			);
			path = Models;
			sourceTree = "<group>";
		};
		5522D80A2C5457DE0070D174 /* Other Views */ = {
			isa = PBXGroup;
			children = (
				5522D80B2C54580D0070D174 /* LocationDeniedView.swift */,
				5522D8192C5516790070D174 /* BackgroundView.swift */,
				5522D81B2C5516850070D174 /* SearchOverlay.swift */,
			);
			path = "Other Views";
			sourceTree = "<group>";
		};
		5522D80D2C5515A10070D174 /* Extensions */ = {
			isa = PBXGroup;
			children = (
				5522D8212C5516EC0070D174 /* Date+Extension.swift */,
				5522D8232C5516F70070D174 /* ReadSizeViewExtension.swift */,
				55AFEC1D2C595E3000B135CE /* Filemanager+Extension.swift */,
			);
			path = Extensions;
			sourceTree = "<group>";
		};
		5522D80E2C5515C20070D174 /* Cities List View */ = {
			isa = PBXGroup;
			children = (
				5522D8152C55163C0070D174 /* CitiesListView.swift */,
				5522D8172C5516490070D174 /* CityRowView.swift */,
			);
			path = "Cities List View";
			sourceTree = "<group>";
		};
		55B4B9032C542A1B001FE9CE = {
			isa = PBXGroup;
			children = (
				55B4B90E2C542A1B001FE9CE /* WeatherW */,
				55B4B90D2C542A1B001FE9CE /* Products */,
			);
			sourceTree = "<group>";
		};
		55B4B90D2C542A1B001FE9CE /* Products */ = {
			isa = PBXGroup;
			children = (
				55B4B90C2C542A1B001FE9CE /* WeatherW.app */,
			);
			name = Products;
			sourceTree = "<group>";
		};
		55B4B90E2C542A1B001FE9CE /* WeatherW */ = {
			isa = PBXGroup;
			children = (
				5522D7FC2C542E8A0070D174 /* WeatherW.entitlements */,
				55B4B90F2C542A1B001FE9CE /* WeatherWApp.swift */,
				5522D8042C5454410070D174 /* Forecast Views */,
				5522D80E2C5515C20070D174 /* Cities List View */,
				5522D80A2C5457DE0070D174 /* Other Views */,
				5522D8052C54545B0070D174 /* Models */,
				5522D7FD2C5432B60070D174 /* Services */,
				5522D80D2C5515A10070D174 /* Extensions */,
				55B4B9132C542A1D001FE9CE /* Assets.xcassets */,
				55B4B9152C542A1D001FE9CE /* Preview Content */,
			);
			path = WeatherW;
			sourceTree = "<group>";
		};
		55B4B9152C542A1D001FE9CE /* Preview Content */ = {
			isa = PBXGroup;
			children = (
				55B4B9162C542A1D001FE9CE /* Preview Assets.xcassets */,
			);
			path = "Preview Content";
			sourceTree = "<group>";
		};
/* End PBXGroup section */

/* Begin PBXNativeTarget section */
		55B4B90B2C542A1B001FE9CE /* WeatherW */ = {
			isa = PBXNativeTarget;
			buildConfigurationList = 55B4B91A2C542A1D001FE9CE /* Build configuration list for PBXNativeTarget "WeatherW" */;
			buildPhases = (
				55B4B9082C542A1B001FE9CE /* Sources */,
				55B4B9092C542A1B001FE9CE /* Frameworks */,
				55B4B90A2C542A1B001FE9CE /* Resources */,
			);
			buildRules = (
			);
			dependencies = (
			);
			name = WeatherW;
			productName = WeatherW;
			productReference = 55B4B90C2C542A1B001FE9CE /* WeatherW.app */;
			productType = "com.apple.product-type.application";
		};
/* End PBXNativeTarget section */

/* Begin PBXProject section */
		55B4B9042C542A1B001FE9CE /* Project object */ = {
			isa = PBXProject;
			attributes = {
				BuildIndependentTargetsInParallel = 1;
				LastSwiftUpdateCheck = 1540;
				LastUpgradeCheck = 1540;
				TargetAttributes = {
					55B4B90B2C542A1B001FE9CE = {
						CreatedOnToolsVersion = 15.4;
					};
				};
			};
			buildConfigurationList = 55B4B9072C542A1B001FE9CE /* Build configuration list for PBXProject "WeatherW" */;
			compatibilityVersion = "Xcode 14.0";
			developmentRegion = en;
			hasScannedForEncodings = 0;
			knownRegions = (
				en,
				Base,
			);
			mainGroup = 55B4B9032C542A1B001FE9CE;
			productRefGroup = 55B4B90D2C542A1B001FE9CE /* Products */;
			projectDirPath = "";
			projectRoot = "";
			targets = (
				55B4B90B2C542A1B001FE9CE /* WeatherW */,
			);
		};
/* End PBXProject section */

/* Begin PBXResourcesBuildPhase section */
		55B4B90A2C542A1B001FE9CE /* Resources */ = {
			isa = PBXResourcesBuildPhase;
			buildActionMask = 2147483647;
			files = (
				55B4B9172C542A1D001FE9CE /* Preview Assets.xcassets in Resources */,
				55B4B9142C542A1D001FE9CE /* Assets.xcassets in Resources */,
			);
			runOnlyForDeploymentPostprocessing = 0;
		};
/* End PBXResourcesBuildPhase section */

/* Begin PBXSourcesBuildPhase section */
		55B4B9082C542A1B001FE9CE /* Sources */ = {
			isa = PBXSourcesBuildPhase;
			buildActionMask = 2147483647;
			files = (
				5522D8182C5516490070D174 /* CityRowView.swift in Sources */,
				5522D8102C5515FA0070D174 /* HourlyForecastView.swift in Sources */,
				5522D81A2C5516790070D174 /* BackgroundView.swift in Sources */,
				5522D8142C5516240070D174 /* DailyForecastView.swift in Sources */,
				5522D7FF2C5432CA0070D174 /* WeatherManager.swift in Sources */,
				5522D8242C5516F80070D174 /* ReadSizeViewExtension.swift in Sources */,
				5522D8202C5516D90070D174 /* SearchService.swift in Sources */,
				5522D8072C5454720070D174 /* City.swift in Sources */,
				5522D81C2C5516850070D174 /* SearchOverlay.swift in Sources */,
				5522D8122C55160D0070D174 /* CurrentWeatherView.swift in Sources */,
				5522D8222C5516EC0070D174 /* Date+Extension.swift in Sources */,
				5522D8092C54549C0070D174 /* LocationManager.swift in Sources */,
				55B4B9102C542A1B001FE9CE /* WeatherWApp.swift in Sources */,
				5522D8162C55163C0070D174 /* CitiesListView.swift in Sources */,
				5522D80C2C54580D0070D174 /* LocationDeniedView.swift in Sources */,
				5522D8032C5433800070D174 /* AttributionView.swift in Sources */,
				55AFEC1E2C595E3000B135CE /* Filemanager+Extension.swift in Sources */,
				5522D81E2C5516CD0070D174 /* DataStore.swift in Sources */,
				5522D8012C5433740070D174 /* ForecastView.swift in Sources */,
			);
			runOnlyForDeploymentPostprocessing = 0;
		};
/* End PBXSourcesBuildPhase section */

/* Begin XCBuildConfiguration section */
		55B4B9182C542A1D001FE9CE /* Debug */ = {
			isa = XCBuildConfiguration;
			buildSettings = {
				ALWAYS_SEARCH_USER_PATHS = NO;
				ASSETCATALOG_COMPILER_GENERATE_SWIFT_ASSET_SYMBOL_EXTENSIONS = YES;
				CLANG_ANALYZER_NONNULL = YES;
				CLANG_ANALYZER_NUMBER_OBJECT_CONVERSION = YES_AGGRESSIVE;
				CLANG_CXX_LANGUAGE_STANDARD = "gnu++20";
				CLANG_ENABLE_MODULES = YES;
				CLANG_ENABLE_OBJC_ARC = YES;
				CLANG_ENABLE_OBJC_WEAK = YES;
				CLANG_WARN_BLOCK_CAPTURE_AUTORELEASING = YES;
				CLANG_WARN_BOOL_CONVERSION = YES;
				CLANG_WARN_COMMA = YES;
				CLANG_WARN_CONSTANT_CONVERSION = YES;
				CLANG_WARN_DEPRECATED_OBJC_IMPLEMENTATIONS = YES;
				CLANG_WARN_DIRECT_OBJC_ISA_USAGE = YES_ERROR;
				CLANG_WARN_DOCUMENTATION_COMMENTS = YES;
				CLANG_WARN_EMPTY_BODY = YES;
				CLANG_WARN_ENUM_CONVERSION = YES;
				CLANG_WARN_INFINITE_RECURSION = YES;
				CLANG_WARN_INT_CONVERSION = YES;
				CLANG_WARN_NON_LITERAL_NULL_CONVERSION = YES;
				CLANG_WARN_OBJC_IMPLICIT_RETAIN_SELF = YES;
				CLANG_WARN_OBJC_LITERAL_CONVERSION = YES;
				CLANG_WARN_OBJC_ROOT_CLASS = YES_ERROR;
				CLANG_WARN_QUOTED_INCLUDE_IN_FRAMEWORK_HEADER = YES;
				CLANG_WARN_RANGE_LOOP_ANALYSIS = YES;
				CLANG_WARN_STRICT_PROTOTYPES = YES;
				CLANG_WARN_SUSPICIOUS_MOVE = YES;
				CLANG_WARN_UNGUARDED_AVAILABILITY = YES_AGGRESSIVE;
				CLANG_WARN_UNREACHABLE_CODE = YES;
				CLANG_WARN__DUPLICATE_METHOD_MATCH = YES;
				COPY_PHASE_STRIP = NO;
				DEBUG_INFORMATION_FORMAT = dwarf;
				ENABLE_STRICT_OBJC_MSGSEND = YES;
				ENABLE_TESTABILITY = YES;
				ENABLE_USER_SCRIPT_SANDBOXING = YES;
				GCC_C_LANGUAGE_STANDARD = gnu17;
				GCC_DYNAMIC_NO_PIC = NO;
				GCC_NO_COMMON_BLOCKS = YES;
				GCC_OPTIMIZATION_LEVEL = 0;
				GCC_PREPROCESSOR_DEFINITIONS = (
					"DEBUG=1",
					"$(inherited)",
				);
				GCC_WARN_64_TO_32_BIT_CONVERSION = YES;
				GCC_WARN_ABOUT_RETURN_TYPE = YES_ERROR;
				GCC_WARN_UNDECLARED_SELECTOR = YES;
				GCC_WARN_UNINITIALIZED_AUTOS = YES_AGGRESSIVE;
				GCC_WARN_UNUSED_FUNCTION = YES;
				GCC_WARN_UNUSED_VARIABLE = YES;
				IPHONEOS_DEPLOYMENT_TARGET = 17.5;
				LOCALIZATION_PREFERS_STRING_CATALOGS = YES;
				MTL_ENABLE_DEBUG_INFO = INCLUDE_SOURCE;
				MTL_FAST_MATH = YES;
				ONLY_ACTIVE_ARCH = YES;
				SDKROOT = iphoneos;
				SWIFT_ACTIVE_COMPILATION_CONDITIONS = "DEBUG $(inherited)";
				SWIFT_OPTIMIZATION_LEVEL = "-Onone";
			};
			name = Debug;
		};
		55B4B9192C542A1D001FE9CE /* Release */ = {
			isa = XCBuildConfiguration;
			buildSettings = {
				ALWAYS_SEARCH_USER_PATHS = NO;
				ASSETCATALOG_COMPILER_GENERATE_SWIFT_ASSET_SYMBOL_EXTENSIONS = YES;
				CLANG_ANALYZER_NONNULL = YES;
				CLANG_ANALYZER_NUMBER_OBJECT_CONVERSION = YES_AGGRESSIVE;
				CLANG_CXX_LANGUAGE_STANDARD = "gnu++20";
				CLANG_ENABLE_MODULES = YES;
				CLANG_ENABLE_OBJC_ARC = YES;
				CLANG_ENABLE_OBJC_WEAK = YES;
				CLANG_WARN_BLOCK_CAPTURE_AUTORELEASING = YES;
				CLANG_WARN_BOOL_CONVERSION = YES;
				CLANG_WARN_COMMA = YES;
				CLANG_WARN_CONSTANT_CONVERSION = YES;
				CLANG_WARN_DEPRECATED_OBJC_IMPLEMENTATIONS = YES;
				CLANG_WARN_DIRECT_OBJC_ISA_USAGE = YES_ERROR;
				CLANG_WARN_DOCUMENTATION_COMMENTS = YES;
				CLANG_WARN_EMPTY_BODY = YES;
				CLANG_WARN_ENUM_CONVERSION = YES;
				CLANG_WARN_INFINITE_RECURSION = YES;
				CLANG_WARN_INT_CONVERSION = YES;
				CLANG_WARN_NON_LITERAL_NULL_CONVERSION = YES;
				CLANG_WARN_OBJC_IMPLICIT_RETAIN_SELF = YES;
				CLANG_WARN_OBJC_LITERAL_CONVERSION = YES;
				CLANG_WARN_OBJC_ROOT_CLASS = YES_ERROR;
				CLANG_WARN_QUOTED_INCLUDE_IN_FRAMEWORK_HEADER = YES;
				CLANG_WARN_RANGE_LOOP_ANALYSIS = YES;
				CLANG_WARN_STRICT_PROTOTYPES = YES;
				CLANG_WARN_SUSPICIOUS_MOVE = YES;
				CLANG_WARN_UNGUARDED_AVAILABILITY = YES_AGGRESSIVE;
				CLANG_WARN_UNREACHABLE_CODE = YES;
				CLANG_WARN__DUPLICATE_METHOD_MATCH = YES;
				COPY_PHASE_STRIP = NO;
				DEBUG_INFORMATION_FORMAT = "dwarf-with-dsym";
				ENABLE_NS_ASSERTIONS = NO;
				ENABLE_STRICT_OBJC_MSGSEND = YES;
				ENABLE_USER_SCRIPT_SANDBOXING = YES;
				GCC_C_LANGUAGE_STANDARD = gnu17;
				GCC_NO_COMMON_BLOCKS = YES;
				GCC_WARN_64_TO_32_BIT_CONVERSION = YES;
				GCC_WARN_ABOUT_RETURN_TYPE = YES_ERROR;
				GCC_WARN_UNDECLARED_SELECTOR = YES;
				GCC_WARN_UNINITIALIZED_AUTOS = YES_AGGRESSIVE;
				GCC_WARN_UNUSED_FUNCTION = YES;
				GCC_WARN_UNUSED_VARIABLE = YES;
				IPHONEOS_DEPLOYMENT_TARGET = 17.5;
				LOCALIZATION_PREFERS_STRING_CATALOGS = YES;
				MTL_ENABLE_DEBUG_INFO = NO;
				MTL_FAST_MATH = YES;
				SDKROOT = iphoneos;
				SWIFT_COMPILATION_MODE = wholemodule;
				VALIDATE_PRODUCT = YES;
			};
			name = Release;
		};
		55B4B91B2C542A1D001FE9CE /* Debug */ = {
			isa = XCBuildConfiguration;
			buildSettings = {
				ASSETCATALOG_COMPILER_APPICON_NAME = AppIcon;
				ASSETCATALOG_COMPILER_GLOBAL_ACCENT_COLOR_NAME = AccentColor;
				CODE_SIGN_ENTITLEMENTS = WeatherW/WeatherW.entitlements;
				CODE_SIGN_IDENTITY = "Apple Development";
				CODE_SIGN_STYLE = Automatic;
				CURRENT_PROJECT_VERSION = 1;
				DEVELOPMENT_ASSET_PATHS = "\"WeatherW/Preview Content\"";
				DEVELOPMENT_TEAM = JCY6MJF6H2;
				ENABLE_PREVIEWS = YES;
				GENERATE_INFOPLIST_FILE = YES;
				INFOPLIST_KEY_CFBundleDisplayName = "Weather Wear";
				INFOPLIST_KEY_NSLocationWhenInUseUsageDescription = "Weather Wear would like to provide you with the weather in your current location!";
				INFOPLIST_KEY_UIApplicationSceneManifest_Generation = YES;
				INFOPLIST_KEY_UIApplicationSupportsIndirectInputEvents = YES;
				INFOPLIST_KEY_UILaunchScreen_Generation = YES;
				INFOPLIST_KEY_UISupportedInterfaceOrientations = UIInterfaceOrientationPortrait;
				INFOPLIST_KEY_UISupportedInterfaceOrientations_iPad = "UIInterfaceOrientationPortrait UIInterfaceOrientationPortraitUpsideDown";
				IPHONEOS_DEPLOYMENT_TARGET = 17.0;
				LD_RUNPATH_SEARCH_PATHS = (
					"$(inherited)",
					"@executable_path/Frameworks",
				);
				MARKETING_VERSION = 1.0;
				PRODUCT_BUNDLE_IDENTIFIER = Woosh.WeatherW;
				PRODUCT_NAME = "$(TARGET_NAME)";
				PROVISIONING_PROFILE_SPECIFIER = "";
				SUPPORTED_PLATFORMS = "iphoneos iphonesimulator";
				SUPPORTS_MACCATALYST = NO;
				SUPPORTS_MAC_DESIGNED_FOR_IPHONE_IPAD = NO;
				SUPPORTS_XR_DESIGNED_FOR_IPHONE_IPAD = NO;
				SWIFT_EMIT_LOC_STRINGS = YES;
				SWIFT_VERSION = 5.0;
				TARGETED_DEVICE_FAMILY = "1,2";
			};
			name = Debug;
		};
		55B4B91C2C542A1D001FE9CE /* Release */ = {
			isa = XCBuildConfiguration;
			buildSettings = {
				ASSETCATALOG_COMPILER_APPICON_NAME = AppIcon;
				ASSETCATALOG_COMPILER_GLOBAL_ACCENT_COLOR_NAME = AccentColor;
				CODE_SIGN_ENTITLEMENTS = WeatherW/WeatherW.entitlements;
				CODE_SIGN_IDENTITY = "Apple Development";
				CODE_SIGN_STYLE = Automatic;
				CURRENT_PROJECT_VERSION = 1;
				DEVELOPMENT_ASSET_PATHS = "\"WeatherW/Preview Content\"";
				DEVELOPMENT_TEAM = JCY6MJF6H2;
				ENABLE_PREVIEWS = YES;
				GENERATE_INFOPLIST_FILE = YES;
				INFOPLIST_KEY_CFBundleDisplayName = "Weather Wear";
				INFOPLIST_KEY_NSLocationWhenInUseUsageDescription = "Weather Wear would like to provide you with the weather in your current location!";
				INFOPLIST_KEY_UIApplicationSceneManifest_Generation = YES;
				INFOPLIST_KEY_UIApplicationSupportsIndirectInputEvents = YES;
				INFOPLIST_KEY_UILaunchScreen_Generation = YES;
				INFOPLIST_KEY_UISupportedInterfaceOrientations = UIInterfaceOrientationPortrait;
				INFOPLIST_KEY_UISupportedInterfaceOrientations_iPad = "UIInterfaceOrientationPortrait UIInterfaceOrientationPortraitUpsideDown";
				IPHONEOS_DEPLOYMENT_TARGET = 17.0;
				LD_RUNPATH_SEARCH_PATHS = (
					"$(inherited)",
					"@executable_path/Frameworks",
				);
				MARKETING_VERSION = 1.0;
				PRODUCT_BUNDLE_IDENTIFIER = Woosh.WeatherW;
				PRODUCT_NAME = "$(TARGET_NAME)";
				PROVISIONING_PROFILE_SPECIFIER = "";
				SUPPORTED_PLATFORMS = "iphoneos iphonesimulator";
				SUPPORTS_MACCATALYST = NO;
				SUPPORTS_MAC_DESIGNED_FOR_IPHONE_IPAD = NO;
				SUPPORTS_XR_DESIGNED_FOR_IPHONE_IPAD = NO;
				SWIFT_EMIT_LOC_STRINGS = YES;
				SWIFT_VERSION = 5.0;
				TARGETED_DEVICE_FAMILY = "1,2";
			};
			name = Release;
		};
/* End XCBuildConfiguration section */

/* Begin XCConfigurationList section */
		55B4B9072C542A1B001FE9CE /* Build configuration list for PBXProject "WeatherW" */ = {
			isa = XCConfigurationList;
			buildConfigurations = (
				55B4B9182C542A1D001FE9CE /* Debug */,
				55B4B9192C542A1D001FE9CE /* Release */,
			);
			defaultConfigurationIsVisible = 0;
			defaultConfigurationName = Release;
		};
		55B4B91A2C542A1D001FE9CE /* Build configuration list for PBXNativeTarget "WeatherW" */ = {
			isa = XCConfigurationList;
			buildConfigurations = (
				55B4B91B2C542A1D001FE9CE /* Debug */,
				55B4B91C2C542A1D001FE9CE /* Release */,
			);
			defaultConfigurationIsVisible = 0;
			defaultConfigurationName = Release;
		};
/* End XCConfigurationList section */
	};
	rootObject = 55B4B9042C542A1B001FE9CE /* Project object */;
}
